
Microsoft Visual Studio Solution File, Format Version 12.00
# Visual Studio Version 17
VisualStudioVersion = 17.7.34024.191
MinimumVisualStudioVersion = 10.0.40219.1
Project("{FAE04EC0-301F-11D3-BF4B-00C04F79EFBC}") = "ClassAlarms", "ClassAlarms.csproj", "{2B599960-FCFB-4B76-8C68-4C7F00DCF96E}"
EndProject
Global
	GlobalSection(SolutionConfigurationPlatforms) = preSolution
		Debug|Any CPU = Debug|Any CPU
		Release|Any CPU = Release|Any CPU
	EndGlobalSection
	GlobalSection(ProjectConfigurationPlatforms) = postSolution
		{2B599960-FCFB-4B76-8C68-4C7F00DCF96E}.Debug|Any CPU.ActiveCfg = Debug|Any CPU
		{2B599960-FCFB-4B76-8C68-4C7F00DCF96E}.Debug|Any CPU.Build.0 = Debug|Any CPU
		{2B599960-FCFB-4B76-8C68-4C7F00DCF96E}.Release|Any CPU.ActiveCfg = Release|Any CPU
		{2B599960-FCFB-4B76-8C68-4C7F00DCF96E}.Release|Any CPU.Build.0 = Release|Any CPU
	EndGlobalSection
	GlobalSection(SolutionProperties) = preSolution
		HideSolutionNode = FALSE
	EndGlobalSection
	GlobalSection(ExtensibilityGlobals) = postSolution
		SolutionGuid = {AB283C1B-4927-4B05-B9FA-8BC0DFE1FE96}
	EndGlobalSection
EndGlobal
